// !$*UTF8*$!
{
	archiveVersion = 1;
	classes = {
	};
	objectVersion = 50;
	objects = {

/* Begin PBXBuildFile section */
		060257B0089C31AEA1613027 /* Pods_eCommerce.framework in Frameworks */ = {isa = PBXBuildFile; fileRef = 4344EB95A74BEBA135B6C075 /* Pods_eCommerce.framework */; };
		6D025C0D225F1E9B003DA04B /* GoogleService-Info.plist in Resources */ = {isa = PBXBuildFile; fileRef = 6D025C0C225F1E9B003DA04B /* GoogleService-Info.plist */; };
		6D025C0F225F214E003DA04B /* GoogleService-Info.plist in Resources */ = {isa = PBXBuildFile; fileRef = 6D025C0E225F214E003DA04B /* GoogleService-Info.plist */; };
		6D27583D225C217D00A750F2 /* LoginStoryboard.storyboard in Resources */ = {isa = PBXBuildFile; fileRef = 6D27583C225C217D00A750F2 /* LoginStoryboard.storyboard */; };
		6D3D0CC0225FED41000FDBFF /* RegisterVC.swift in Sources */ = {isa = PBXBuildFile; fileRef = 6D3D0CBF225FED41000FDBFF /* RegisterVC.swift */; };
		6D3D0CC2225FED64000FDBFF /* LoginVC.swift in Sources */ = {isa = PBXBuildFile; fileRef = 6D3D0CC1225FED64000FDBFF /* LoginVC.swift */; };
		6DB2A612225B1A4B00FD6845 /* AppDelegate.swift in Sources */ = {isa = PBXBuildFile; fileRef = 6DB2A611225B1A4B00FD6845 /* AppDelegate.swift */; };
		6DB2A614225B1A4B00FD6845 /* ViewController.swift in Sources */ = {isa = PBXBuildFile; fileRef = 6DB2A613225B1A4B00FD6845 /* ViewController.swift */; };
		6DB2A617225B1A4B00FD6845 /* Main.storyboard in Resources */ = {isa = PBXBuildFile; fileRef = 6DB2A615225B1A4B00FD6845 /* Main.storyboard */; };
		6DB2A619225B1A4C00FD6845 /* Assets.xcassets in Resources */ = {isa = PBXBuildFile; fileRef = 6DB2A618225B1A4C00FD6845 /* Assets.xcassets */; };
		6DB2A61C225B1A4C00FD6845 /* LaunchScreen.storyboard in Resources */ = {isa = PBXBuildFile; fileRef = 6DB2A61A225B1A4C00FD6845 /* LaunchScreen.storyboard */; };
		6DB2A62A225B1CF000FD6845 /* AppDelegate.swift in Sources */ = {isa = PBXBuildFile; fileRef = 6DB2A629225B1CF000FD6845 /* AppDelegate.swift */; };
		6DB2A62C225B1CF000FD6845 /* ViewController.swift in Sources */ = {isa = PBXBuildFile; fileRef = 6DB2A62B225B1CF000FD6845 /* ViewController.swift */; };
		6DB2A62F225B1CF000FD6845 /* Main.storyboard in Resources */ = {isa = PBXBuildFile; fileRef = 6DB2A62D225B1CF000FD6845 /* Main.storyboard */; };
		6DB2A634225B1CF100FD6845 /* LaunchScreen.storyboard in Resources */ = {isa = PBXBuildFile; fileRef = 6DB2A632225B1CF100FD6845 /* LaunchScreen.storyboard */; };
		6DB2A63A225B1D5C00FD6845 /* Assets.xcassets in Resources */ = {isa = PBXBuildFile; fileRef = 6DB2A618225B1A4C00FD6845 /* Assets.xcassets */; };
		C9D0827FD1B36769ECA828FE /* Pods_eCommerceAdmin.framework in Frameworks */ = {isa = PBXBuildFile; fileRef = 83265144D9D34D48A42717C2 /* Pods_eCommerceAdmin.framework */; };
/* End PBXBuildFile section */

/* Begin PBXFileReference section */
		199E6E391C5136B82D82BF98 /* Pods-eCommerce.debug.xcconfig */ = {isa = PBXFileReference; includeInIndex = 1; lastKnownFileType = text.xcconfig; name = "Pods-eCommerce.debug.xcconfig"; path = "Target Support Files/Pods-eCommerce/Pods-eCommerce.debug.xcconfig"; sourceTree = "<group>"; };
		3A3755196C86829785E9C2DD /* Pods-eCommerceAdmin.debug.xcconfig */ = {isa = PBXFileReference; includeInIndex = 1; lastKnownFileType = text.xcconfig; name = "Pods-eCommerceAdmin.debug.xcconfig"; path = "Target Support Files/Pods-eCommerceAdmin/Pods-eCommerceAdmin.debug.xcconfig"; sourceTree = "<group>"; };
		4344EB95A74BEBA135B6C075 /* Pods_eCommerce.framework */ = {isa = PBXFileReference; explicitFileType = wrapper.framework; includeInIndex = 0; path = Pods_eCommerce.framework; sourceTree = BUILT_PRODUCTS_DIR; };
		454BE9F220FACBAFB3480ABB /* Pods-eCommerce.release.xcconfig */ = {isa = PBXFileReference; includeInIndex = 1; lastKnownFileType = text.xcconfig; name = "Pods-eCommerce.release.xcconfig"; path = "Target Support Files/Pods-eCommerce/Pods-eCommerce.release.xcconfig"; sourceTree = "<group>"; };
		54455A47C049EABF2426851B /* Pods-eCommerceAdmin.release.xcconfig */ = {isa = PBXFileReference; includeInIndex = 1; lastKnownFileType = text.xcconfig; name = "Pods-eCommerceAdmin.release.xcconfig"; path = "Target Support Files/Pods-eCommerceAdmin/Pods-eCommerceAdmin.release.xcconfig"; sourceTree = "<group>"; };
		6D025C0C225F1E9B003DA04B /* GoogleService-Info.plist */ = {isa = PBXFileReference; fileEncoding = 4; lastKnownFileType = text.plist.xml; path = "GoogleService-Info.plist"; sourceTree = "<group>"; };
		6D025C0E225F214E003DA04B /* GoogleService-Info.plist */ = {isa = PBXFileReference; fileEncoding = 4; lastKnownFileType = text.plist.xml; path = "GoogleService-Info.plist"; sourceTree = "<group>"; };
		6D27583C225C217D00A750F2 /* LoginStoryboard.storyboard */ = {isa = PBXFileReference; lastKnownFileType = file.storyboard; path = LoginStoryboard.storyboard; sourceTree = "<group>"; };
		6D3D0CBF225FED41000FDBFF /* RegisterVC.swift */ = {isa = PBXFileReference; lastKnownFileType = sourcecode.swift; path = RegisterVC.swift; sourceTree = "<group>"; };
		6D3D0CC1225FED64000FDBFF /* LoginVC.swift */ = {isa = PBXFileReference; lastKnownFileType = sourcecode.swift; path = LoginVC.swift; sourceTree = "<group>"; };
		6DB2A60E225B1A4B00FD6845 /* eCommerce.app */ = {isa = PBXFileReference; explicitFileType = wrapper.application; includeInIndex = 0; path = eCommerce.app; sourceTree = BUILT_PRODUCTS_DIR; };
		6DB2A611225B1A4B00FD6845 /* AppDelegate.swift */ = {isa = PBXFileReference; lastKnownFileType = sourcecode.swift; path = AppDelegate.swift; sourceTree = "<group>"; };
		6DB2A613225B1A4B00FD6845 /* ViewController.swift */ = {isa = PBXFileReference; lastKnownFileType = sourcecode.swift; path = ViewController.swift; sourceTree = "<group>"; };
		6DB2A616225B1A4B00FD6845 /* Base */ = {isa = PBXFileReference; lastKnownFileType = file.storyboard; name = Base; path = Base.lproj/Main.storyboard; sourceTree = "<group>"; };
		6DB2A618225B1A4C00FD6845 /* Assets.xcassets */ = {isa = PBXFileReference; lastKnownFileType = folder.assetcatalog; path = Assets.xcassets; sourceTree = "<group>"; };
		6DB2A61B225B1A4C00FD6845 /* Base */ = {isa = PBXFileReference; lastKnownFileType = file.storyboard; name = Base; path = Base.lproj/LaunchScreen.storyboard; sourceTree = "<group>"; };
		6DB2A61D225B1A4C00FD6845 /* Info.plist */ = {isa = PBXFileReference; lastKnownFileType = text.plist.xml; path = Info.plist; sourceTree = "<group>"; };
		6DB2A627225B1CF000FD6845 /* eCommerceAdmin.app */ = {isa = PBXFileReference; explicitFileType = wrapper.application; includeInIndex = 0; path = eCommerceAdmin.app; sourceTree = BUILT_PRODUCTS_DIR; };
		6DB2A629225B1CF000FD6845 /* AppDelegate.swift */ = {isa = PBXFileReference; lastKnownFileType = sourcecode.swift; path = AppDelegate.swift; sourceTree = "<group>"; };
		6DB2A62B225B1CF000FD6845 /* ViewController.swift */ = {isa = PBXFileReference; lastKnownFileType = sourcecode.swift; path = ViewController.swift; sourceTree = "<group>"; };
		6DB2A62E225B1CF000FD6845 /* Base */ = {isa = PBXFileReference; lastKnownFileType = file.storyboard; name = Base; path = Base.lproj/Main.storyboard; sourceTree = "<group>"; };
		6DB2A633225B1CF100FD6845 /* Base */ = {isa = PBXFileReference; lastKnownFileType = file.storyboard; name = Base; path = Base.lproj/LaunchScreen.storyboard; sourceTree = "<group>"; };
		6DB2A635225B1CF100FD6845 /* Info.plist */ = {isa = PBXFileReference; lastKnownFileType = text.plist.xml; path = Info.plist; sourceTree = "<group>"; };
		83265144D9D34D48A42717C2 /* Pods_eCommerceAdmin.framework */ = {isa = PBXFileReference; explicitFileType = wrapper.framework; includeInIndex = 0; path = Pods_eCommerceAdmin.framework; sourceTree = BUILT_PRODUCTS_DIR; };
/* End PBXFileReference section */

/* Begin PBXFrameworksBuildPhase section */
		6DB2A60B225B1A4B00FD6845 /* Frameworks */ = {
			isa = PBXFrameworksBuildPhase;
			buildActionMask = 2147483647;
			files = (
				060257B0089C31AEA1613027 /* Pods_eCommerce.framework in Frameworks */,
			);
			runOnlyForDeploymentPostprocessing = 0;
		};
		6DB2A624225B1CF000FD6845 /* Frameworks */ = {
			isa = PBXFrameworksBuildPhase;
			buildActionMask = 2147483647;
			files = (
				C9D0827FD1B36769ECA828FE /* Pods_eCommerceAdmin.framework in Frameworks */,
			);
			runOnlyForDeploymentPostprocessing = 0;
		};
/* End PBXFrameworksBuildPhase section */

/* Begin PBXGroup section */
		55DBECD73FE23DC4EEBE61EC /* Frameworks */ = {
			isa = PBXGroup;
			children = (
				4344EB95A74BEBA135B6C075 /* Pods_eCommerce.framework */,
				83265144D9D34D48A42717C2 /* Pods_eCommerceAdmin.framework */,
			);
			name = Frameworks;
			sourceTree = "<group>";
		};
		5877A0973167D28B99C469AF /* Pods */ = {
			isa = PBXGroup;
			children = (
				199E6E391C5136B82D82BF98 /* Pods-eCommerce.debug.xcconfig */,
				454BE9F220FACBAFB3480ABB /* Pods-eCommerce.release.xcconfig */,
				3A3755196C86829785E9C2DD /* Pods-eCommerceAdmin.debug.xcconfig */,
				54455A47C049EABF2426851B /* Pods-eCommerceAdmin.release.xcconfig */,
			);
			path = Pods;
			sourceTree = "<group>";
		};
		6D3D0CBC225FEC70000FDBFF /* Storyboards */ = {
			isa = PBXGroup;
			children = (
				6D27583C225C217D00A750F2 /* LoginStoryboard.storyboard */,
				6DB2A615225B1A4B00FD6845 /* Main.storyboard */,
				6DB2A61A225B1A4C00FD6845 /* LaunchScreen.storyboard */,
			);
			path = Storyboards;
			sourceTree = "<group>";
		};
		6D59CF9A225FD3C3009F3E5D /* Model */ = {
			isa = PBXGroup;
			children = (
			);
			path = Model;
			sourceTree = "<group>";
		};
		6D59CF9B225FD3E4009F3E5D /* Controller */ = {
			isa = PBXGroup;
			children = (
				6DB2A611225B1A4B00FD6845 /* AppDelegate.swift */,
				6DB2A613225B1A4B00FD6845 /* ViewController.swift */,
				6D3D0CBF225FED41000FDBFF /* RegisterVC.swift */,
				6D3D0CC1225FED64000FDBFF /* LoginVC.swift */,
			);
			path = Controller;
			sourceTree = "<group>";
		};
		6D59CF9C225FD3F3009F3E5D /* View */ = {
			isa = PBXGroup;
			children = (
			);
			path = View;
			sourceTree = "<group>";
		};
		6DB2A605225B1A4B00FD6845 = {
			isa = PBXGroup;
			children = (
				6DB2A639225B1D3B00FD6845 /* Shared */,
				6DB2A610225B1A4B00FD6845 /* eCommerce */,
				6DB2A628225B1CF000FD6845 /* eCommerceAdmin */,
				6DB2A60F225B1A4B00FD6845 /* Products */,
				5877A0973167D28B99C469AF /* Pods */,
				55DBECD73FE23DC4EEBE61EC /* Frameworks */,
			);
			sourceTree = "<group>";
		};
		6DB2A60F225B1A4B00FD6845 /* Products */ = {
			isa = PBXGroup;
			children = (
				6DB2A60E225B1A4B00FD6845 /* eCommerce.app */,
				6DB2A627225B1CF000FD6845 /* eCommerceAdmin.app */,
			);
			name = Products;
			sourceTree = "<group>";
		};
		6DB2A610225B1A4B00FD6845 /* eCommerce */ = {
			isa = PBXGroup;
			children = (
				6D59CF9C225FD3F3009F3E5D /* View */,
				6D59CF9B225FD3E4009F3E5D /* Controller */,
				6D59CF9A225FD3C3009F3E5D /* Model */,
				6D3D0CBC225FEC70000FDBFF /* Storyboards */,
				6D025C0C225F1E9B003DA04B /* GoogleService-Info.plist */,
				6DB2A61D225B1A4C00FD6845 /* Info.plist */,
			);
			path = eCommerce;
			sourceTree = "<group>";
		};
		6DB2A628225B1CF000FD6845 /* eCommerceAdmin */ = {
			isa = PBXGroup;
			children = (
				6DB2A629225B1CF000FD6845 /* AppDelegate.swift */,
				6DB2A62B225B1CF000FD6845 /* ViewController.swift */,
				6DB2A62D225B1CF000FD6845 /* Main.storyboard */,
				6DB2A632225B1CF100FD6845 /* LaunchScreen.storyboard */,
				6D025C0E225F214E003DA04B /* GoogleService-Info.plist */,
				6DB2A635225B1CF100FD6845 /* Info.plist */,
			);
			path = eCommerceAdmin;
			sourceTree = "<group>";
		};
		6DB2A639225B1D3B00FD6845 /* Shared */ = {
			isa = PBXGroup;
			children = (
				6DB2A618225B1A4C00FD6845 /* Assets.xcassets */,
			);
			path = Shared;
			sourceTree = "<group>";
		};
/* End PBXGroup section */

/* Begin PBXNativeTarget section */
		6DB2A60D225B1A4B00FD6845 /* eCommerce */ = {
			isa = PBXNativeTarget;
			buildConfigurationList = 6DB2A620225B1A4C00FD6845 /* Build configuration list for PBXNativeTarget "eCommerce" */;
			buildPhases = (
				4EC84505F32D268146C0C8FF /* [CP] Check Pods Manifest.lock */,
				6DB2A60A225B1A4B00FD6845 /* Sources */,
				6DB2A60B225B1A4B00FD6845 /* Frameworks */,
				6DB2A60C225B1A4B00FD6845 /* Resources */,
				FE6D2B266814842DA2E84CE4 /* [CP] Embed Pods Frameworks */,
			);
			buildRules = (
			);
			dependencies = (
			);
			name = eCommerce;
			productName = eCommerce;
			productReference = 6DB2A60E225B1A4B00FD6845 /* eCommerce.app */;
			productType = "com.apple.product-type.application";
		};
		6DB2A626225B1CF000FD6845 /* eCommerceAdmin */ = {
			isa = PBXNativeTarget;
			buildConfigurationList = 6DB2A636225B1CF100FD6845 /* Build configuration list for PBXNativeTarget "eCommerceAdmin" */;
			buildPhases = (
				70C364F6236F168478E6FB04 /* [CP] Check Pods Manifest.lock */,
				6DB2A623225B1CF000FD6845 /* Sources */,
				6DB2A624225B1CF000FD6845 /* Frameworks */,
				6DB2A625225B1CF000FD6845 /* Resources */,
				416F8E68397DFCD788A898DE /* [CP] Embed Pods Frameworks */,
			);
			buildRules = (
			);
			dependencies = (
			);
			name = eCommerceAdmin;
			productName = eCommerceAdmin;
			productReference = 6DB2A627225B1CF000FD6845 /* eCommerceAdmin.app */;
			productType = "com.apple.product-type.application";
		};
/* End PBXNativeTarget section */

/* Begin PBXProject section */
		6DB2A606225B1A4B00FD6845 /* Project object */ = {
			isa = PBXProject;
			attributes = {
				LastSwiftUpdateCheck = 1020;
				LastUpgradeCheck = 1020;
				ORGANIZATIONNAME = "Weijie Lin";
				TargetAttributes = {
					6DB2A60D225B1A4B00FD6845 = {
						CreatedOnToolsVersion = 10.2;
					};
					6DB2A626225B1CF000FD6845 = {
						CreatedOnToolsVersion = 10.2;
					};
				};
			};
			buildConfigurationList = 6DB2A609225B1A4B00FD6845 /* Build configuration list for PBXProject "eCommerce" */;
			compatibilityVersion = "Xcode 9.3";
			developmentRegion = en;
			hasScannedForEncodings = 0;
			knownRegions = (
				en,
				Base,
			);
			mainGroup = 6DB2A605225B1A4B00FD6845;
			productRefGroup = 6DB2A60F225B1A4B00FD6845 /* Products */;
			projectDirPath = "";
			projectRoot = "";
			targets = (
				6DB2A60D225B1A4B00FD6845 /* eCommerce */,
				6DB2A626225B1CF000FD6845 /* eCommerceAdmin */,
			);
		};
/* End PBXProject section */

/* Begin PBXResourcesBuildPhase section */
		6DB2A60C225B1A4B00FD6845 /* Resources */ = {
			isa = PBXResourcesBuildPhase;
			buildActionMask = 2147483647;
			files = (
				6DB2A61C225B1A4C00FD6845 /* LaunchScreen.storyboard in Resources */,
				6DB2A619225B1A4C00FD6845 /* Assets.xcassets in Resources */,
				6D025C0D225F1E9B003DA04B /* GoogleService-Info.plist in Resources */,
				6DB2A617225B1A4B00FD6845 /* Main.storyboard in Resources */,
				6D27583D225C217D00A750F2 /* LoginStoryboard.storyboard in Resources */,
			);
			runOnlyForDeploymentPostprocessing = 0;
		};
		6DB2A625225B1CF000FD6845 /* Resources */ = {
			isa = PBXResourcesBuildPhase;
			buildActionMask = 2147483647;
			files = (
				6DB2A634225B1CF100FD6845 /* LaunchScreen.storyboard in Resources */,
				6D025C0F225F214E003DA04B /* GoogleService-Info.plist in Resources */,
				6DB2A63A225B1D5C00FD6845 /* Assets.xcassets in Resources */,
				6DB2A62F225B1CF000FD6845 /* Main.storyboard in Resources */,
			);
			runOnlyForDeploymentPostprocessing = 0;
		};
/* End PBXResourcesBuildPhase section */

/* Begin PBXShellScriptBuildPhase section */
		416F8E68397DFCD788A898DE /* [CP] Embed Pods Frameworks */ = {
			isa = PBXShellScriptBuildPhase;
			buildActionMask = 2147483647;
			files = (
			);
			inputFileListPaths = (
			);
			inputPaths = (
				"${PODS_ROOT}/Target Support Files/Pods-eCommerceAdmin/Pods-eCommerceAdmin-frameworks.sh",
				"${BUILT_PRODUCTS_DIR}/BoringSSL-GRPC/openssl_grpc.framework",
				"${BUILT_PRODUCTS_DIR}/CodableFirebase/CodableFirebase.framework",
				"${BUILT_PRODUCTS_DIR}/GTMSessionFetcher/GTMSessionFetcher.framework",
				"${BUILT_PRODUCTS_DIR}/GoogleUtilities/GoogleUtilities.framework",
				"${BUILT_PRODUCTS_DIR}/IQKeyboardManagerSwift/IQKeyboardManagerSwift.framework",
				"${BUILT_PRODUCTS_DIR}/Kingfisher/Kingfisher.framework",
				"${BUILT_PRODUCTS_DIR}/Protobuf/Protobuf.framework",
				"${BUILT_PRODUCTS_DIR}/gRPC-C++/grpcpp.framework",
				"${BUILT_PRODUCTS_DIR}/gRPC-Core/grpc.framework",
				"${BUILT_PRODUCTS_DIR}/leveldb-library/leveldb.framework",
				"${BUILT_PRODUCTS_DIR}/nanopb/nanopb.framework",
				"${BUILT_PRODUCTS_DIR}/CropViewController/CropViewController.framework",
			);
			name = "[CP] Embed Pods Frameworks";
			outputFileListPaths = (
			);
			outputPaths = (
				"${TARGET_BUILD_DIR}/${FRAMEWORKS_FOLDER_PATH}/openssl_grpc.framework",
				"${TARGET_BUILD_DIR}/${FRAMEWORKS_FOLDER_PATH}/CodableFirebase.framework",
				"${TARGET_BUILD_DIR}/${FRAMEWORKS_FOLDER_PATH}/GTMSessionFetcher.framework",
				"${TARGET_BUILD_DIR}/${FRAMEWORKS_FOLDER_PATH}/GoogleUtilities.framework",
				"${TARGET_BUILD_DIR}/${FRAMEWORKS_FOLDER_PATH}/IQKeyboardManagerSwift.framework",
				"${TARGET_BUILD_DIR}/${FRAMEWORKS_FOLDER_PATH}/Kingfisher.framework",
				"${TARGET_BUILD_DIR}/${FRAMEWORKS_FOLDER_PATH}/Protobuf.framework",
				"${TARGET_BUILD_DIR}/${FRAMEWORKS_FOLDER_PATH}/grpcpp.framework",
				"${TARGET_BUILD_DIR}/${FRAMEWORKS_FOLDER_PATH}/grpc.framework",
				"${TARGET_BUILD_DIR}/${FRAMEWORKS_FOLDER_PATH}/leveldb.framework",
				"${TARGET_BUILD_DIR}/${FRAMEWORKS_FOLDER_PATH}/nanopb.framework",
				"${TARGET_BUILD_DIR}/${FRAMEWORKS_FOLDER_PATH}/CropViewController.framework",
			);
			runOnlyForDeploymentPostprocessing = 0;
			shellPath = /bin/sh;
			shellScript = "\"${PODS_ROOT}/Target Support Files/Pods-eCommerceAdmin/Pods-eCommerceAdmin-frameworks.sh\"\n";
			showEnvVarsInLog = 0;
		};
		4EC84505F32D268146C0C8FF /* [CP] Check Pods Manifest.lock */ = {
			isa = PBXShellScriptBuildPhase;
			buildActionMask = 2147483647;
			files = (
			);
			inputFileListPaths = (
			);
			inputPaths = (
				"${PODS_PODFILE_DIR_PATH}/Podfile.lock",
				"${PODS_ROOT}/Manifest.lock",
			);
			name = "[CP] Check Pods Manifest.lock";
			outputFileListPaths = (
			);
			outputPaths = (
				"$(DERIVED_FILE_DIR)/Pods-eCommerce-checkManifestLockResult.txt",
			);
			runOnlyForDeploymentPostprocessing = 0;
			shellPath = /bin/sh;
			shellScript = "diff \"${PODS_PODFILE_DIR_PATH}/Podfile.lock\" \"${PODS_ROOT}/Manifest.lock\" > /dev/null\nif [ $? != 0 ] ; then\n    # print error to STDERR\n    echo \"error: The sandbox is not in sync with the Podfile.lock. Run 'pod install' or update your CocoaPods installation.\" >&2\n    exit 1\nfi\n# This output is used by Xcode 'outputs' to avoid re-running this script phase.\necho \"SUCCESS\" > \"${SCRIPT_OUTPUT_FILE_0}\"\n";
			showEnvVarsInLog = 0;
		};
		70C364F6236F168478E6FB04 /* [CP] Check Pods Manifest.lock */ = {
			isa = PBXShellScriptBuildPhase;
			buildActionMask = 2147483647;
			files = (
			);
			inputFileListPaths = (
			);
			inputPaths = (
				"${PODS_PODFILE_DIR_PATH}/Podfile.lock",
				"${PODS_ROOT}/Manifest.lock",
			);
			name = "[CP] Check Pods Manifest.lock";
			outputFileListPaths = (
			);
			outputPaths = (
				"$(DERIVED_FILE_DIR)/Pods-eCommerceAdmin-checkManifestLockResult.txt",
			);
			runOnlyForDeploymentPostprocessing = 0;
			shellPath = /bin/sh;
			shellScript = "diff \"${PODS_PODFILE_DIR_PATH}/Podfile.lock\" \"${PODS_ROOT}/Manifest.lock\" > /dev/null\nif [ $? != 0 ] ; then\n    # print error to STDERR\n    echo \"error: The sandbox is not in sync with the Podfile.lock. Run 'pod install' or update your CocoaPods installation.\" >&2\n    exit 1\nfi\n# This output is used by Xcode 'outputs' to avoid re-running this script phase.\necho \"SUCCESS\" > \"${SCRIPT_OUTPUT_FILE_0}\"\n";
			showEnvVarsInLog = 0;
		};
		FE6D2B266814842DA2E84CE4 /* [CP] Embed Pods Frameworks */ = {
			isa = PBXShellScriptBuildPhase;
			buildActionMask = 2147483647;
			files = (
			);
			inputFileListPaths = (
			);
			inputPaths = (
				"${PODS_ROOT}/Target Support Files/Pods-eCommerce/Pods-eCommerce-frameworks.sh",
				"${BUILT_PRODUCTS_DIR}/Alamofire/Alamofire.framework",
				"${BUILT_PRODUCTS_DIR}/BoringSSL-GRPC/openssl_grpc.framework",
				"${BUILT_PRODUCTS_DIR}/CodableFirebase/CodableFirebase.framework",
				"${BUILT_PRODUCTS_DIR}/GTMSessionFetcher/GTMSessionFetcher.framework",
				"${BUILT_PRODUCTS_DIR}/GoogleUtilities/GoogleUtilities.framework",
				"${BUILT_PRODUCTS_DIR}/IQKeyboardManagerSwift/IQKeyboardManagerSwift.framework",
				"${BUILT_PRODUCTS_DIR}/Kingfisher/Kingfisher.framework",
				"${BUILT_PRODUCTS_DIR}/Protobuf/Protobuf.framework",
				"${BUILT_PRODUCTS_DIR}/Stripe/Stripe.framework",
				"${BUILT_PRODUCTS_DIR}/gRPC-C++/grpcpp.framework",
				"${BUILT_PRODUCTS_DIR}/gRPC-Core/grpc.framework",
				"${BUILT_PRODUCTS_DIR}/leveldb-library/leveldb.framework",
				"${BUILT_PRODUCTS_DIR}/nanopb/nanopb.framework",
			);
			name = "[CP] Embed Pods Frameworks";
			outputFileListPaths = (
			);
			outputPaths = (
				"${TARGET_BUILD_DIR}/${FRAMEWORKS_FOLDER_PATH}/Alamofire.framework",
				"${TARGET_BUILD_DIR}/${FRAMEWORKS_FOLDER_PATH}/openssl_grpc.framework",
				"${TARGET_BUILD_DIR}/${FRAMEWORKS_FOLDER_PATH}/CodableFirebase.framework",
				"${TARGET_BUILD_DIR}/${FRAMEWORKS_FOLDER_PATH}/GTMSessionFetcher.framework",
				"${TARGET_BUILD_DIR}/${FRAMEWORKS_FOLDER_PATH}/GoogleUtilities.framework",
				"${TARGET_BUILD_DIR}/${FRAMEWORKS_FOLDER_PATH}/IQKeyboardManagerSwift.framework",
				"${TARGET_BUILD_DIR}/${FRAMEWORKS_FOLDER_PATH}/Kingfisher.framework",
				"${TARGET_BUILD_DIR}/${FRAMEWORKS_FOLDER_PATH}/Protobuf.framework",
				"${TARGET_BUILD_DIR}/${FRAMEWORKS_FOLDER_PATH}/Stripe.framework",
				"${TARGET_BUILD_DIR}/${FRAMEWORKS_FOLDER_PATH}/grpcpp.framework",
				"${TARGET_BUILD_DIR}/${FRAMEWORKS_FOLDER_PATH}/grpc.framework",
				"${TARGET_BUILD_DIR}/${FRAMEWORKS_FOLDER_PATH}/leveldb.framework",
				"${TARGET_BUILD_DIR}/${FRAMEWORKS_FOLDER_PATH}/nanopb.framework",
			);
			runOnlyForDeploymentPostprocessing = 0;
			shellPath = /bin/sh;
			shellScript = "\"${PODS_ROOT}/Target Support Files/Pods-eCommerce/Pods-eCommerce-frameworks.sh\"\n";
			showEnvVarsInLog = 0;
		};
/* End PBXShellScriptBuildPhase section */

/* Begin PBXSourcesBuildPhase section */
		6DB2A60A225B1A4B00FD6845 /* Sources */ = {
			isa = PBXSourcesBuildPhase;
			buildActionMask = 2147483647;
			files = (
				6DB2A614225B1A4B00FD6845 /* ViewController.swift in Sources */,
				6D3D0CC0225FED41000FDBFF /* RegisterVC.swift in Sources */,
				6D3D0CC2225FED64000FDBFF /* LoginVC.swift in Sources */,
				6DB2A612225B1A4B00FD6845 /* AppDelegate.swift in Sources */,
			);
			runOnlyForDeploymentPostprocessing = 0;
		};
		6DB2A623225B1CF000FD6845 /* Sources */ = {
			isa = PBXSourcesBuildPhase;
			buildActionMask = 2147483647;
			files = (
				6DB2A62C225B1CF000FD6845 /* ViewController.swift in Sources */,
				6DB2A62A225B1CF000FD6845 /* AppDelegate.swift in Sources */,
			);
			runOnlyForDeploymentPostprocessing = 0;
		};
/* End PBXSourcesBuildPhase section */

/* Begin PBXVariantGroup section */
		6DB2A615225B1A4B00FD6845 /* Main.storyboard */ = {
			isa = PBXVariantGroup;
			children = (
				6DB2A616225B1A4B00FD6845 /* Base */,
			);
			name = Main.storyboard;
			sourceTree = "<group>";
		};
		6DB2A61A225B1A4C00FD6845 /* LaunchScreen.storyboard */ = {
			isa = PBXVariantGroup;
			children = (
				6DB2A61B225B1A4C00FD6845 /* Base */,
			);
			name = LaunchScreen.storyboard;
			sourceTree = "<group>";
		};
		6DB2A62D225B1CF000FD6845 /* Main.storyboard */ = {
			isa = PBXVariantGroup;
			children = (
				6DB2A62E225B1CF000FD6845 /* Base */,
			);
			name = Main.storyboard;
			sourceTree = "<group>";
		};
		6DB2A632225B1CF100FD6845 /* LaunchScreen.storyboard */ = {
			isa = PBXVariantGroup;
			children = (
				6DB2A633225B1CF100FD6845 /* Base */,
			);
			name = LaunchScreen.storyboard;
			sourceTree = "<group>";
		};
/* End PBXVariantGroup section */

/* Begin XCBuildConfiguration section */
		6DB2A61E225B1A4C00FD6845 /* Debug */ = {
			isa = XCBuildConfiguration;
			buildSettings = {
				ALWAYS_SEARCH_USER_PATHS = NO;
				CLANG_ANALYZER_NONNULL = YES;
				CLANG_ANALYZER_NUMBER_OBJECT_CONVERSION = YES_AGGRESSIVE;
				CLANG_CXX_LANGUAGE_STANDARD = "gnu++14";
				CLANG_CXX_LIBRARY = "libc++";
				CLANG_ENABLE_MODULES = YES;
				CLANG_ENABLE_OBJC_ARC = YES;
				CLANG_ENABLE_OBJC_WEAK = YES;
				CLANG_WARN_BLOCK_CAPTURE_AUTORELEASING = YES;
				CLANG_WARN_BOOL_CONVERSION = YES;
				CLANG_WARN_COMMA = YES;
				CLANG_WARN_CONSTANT_CONVERSION = YES;
				CLANG_WARN_DEPRECATED_OBJC_IMPLEMENTATIONS = YES;
				CLANG_WARN_DIRECT_OBJC_ISA_USAGE = YES_ERROR;
				CLANG_WARN_DOCUMENTATION_COMMENTS = YES;
				CLANG_WARN_EMPTY_BODY = YES;
				CLANG_WARN_ENUM_CONVERSION = YES;
				CLANG_WARN_INFINITE_RECURSION = YES;
				CLANG_WARN_INT_CONVERSION = YES;
				CLANG_WARN_NON_LITERAL_NULL_CONVERSION = YES;
				CLANG_WARN_OBJC_IMPLICIT_RETAIN_SELF = YES;
				CLANG_WARN_OBJC_LITERAL_CONVERSION = YES;
				CLANG_WARN_OBJC_ROOT_CLASS = YES_ERROR;
				CLANG_WARN_RANGE_LOOP_ANALYSIS = YES;
				CLANG_WARN_STRICT_PROTOTYPES = YES;
				CLANG_WARN_SUSPICIOUS_MOVE = YES;
				CLANG_WARN_UNGUARDED_AVAILABILITY = YES_AGGRESSIVE;
				CLANG_WARN_UNREACHABLE_CODE = YES;
				CLANG_WARN__DUPLICATE_METHOD_MATCH = YES;
				CODE_SIGN_IDENTITY = "iPhone Developer";
				COPY_PHASE_STRIP = NO;
				DEBUG_INFORMATION_FORMAT = dwarf;
				ENABLE_STRICT_OBJC_MSGSEND = YES;
				ENABLE_TESTABILITY = YES;
				GCC_C_LANGUAGE_STANDARD = gnu11;
				GCC_DYNAMIC_NO_PIC = NO;
				GCC_NO_COMMON_BLOCKS = YES;
				GCC_OPTIMIZATION_LEVEL = 0;
				GCC_PREPROCESSOR_DEFINITIONS = (
					"DEBUG=1",
					"$(inherited)",
				);
				GCC_WARN_64_TO_32_BIT_CONVERSION = YES;
				GCC_WARN_ABOUT_RETURN_TYPE = YES_ERROR;
				GCC_WARN_UNDECLARED_SELECTOR = YES;
				GCC_WARN_UNINITIALIZED_AUTOS = YES_AGGRESSIVE;
				GCC_WARN_UNUSED_FUNCTION = YES;
				GCC_WARN_UNUSED_VARIABLE = YES;
				IPHONEOS_DEPLOYMENT_TARGET = 12.2;
				MTL_ENABLE_DEBUG_INFO = INCLUDE_SOURCE;
				MTL_FAST_MATH = YES;
				ONLY_ACTIVE_ARCH = YES;
				SDKROOT = iphoneos;
				SWIFT_ACTIVE_COMPILATION_CONDITIONS = DEBUG;
				SWIFT_OPTIMIZATION_LEVEL = "-Onone";
			};
			name = Debug;
		};
		6DB2A61F225B1A4C00FD6845 /* Release */ = {
			isa = XCBuildConfiguration;
			buildSettings = {
				ALWAYS_SEARCH_USER_PATHS = NO;
				CLANG_ANALYZER_NONNULL = YES;
				CLANG_ANALYZER_NUMBER_OBJECT_CONVERSION = YES_AGGRESSIVE;
				CLANG_CXX_LANGUAGE_STANDARD = "gnu++14";
				CLANG_CXX_LIBRARY = "libc++";
				CLANG_ENABLE_MODULES = YES;
				CLANG_ENABLE_OBJC_ARC = YES;
				CLANG_ENABLE_OBJC_WEAK = YES;
				CLANG_WARN_BLOCK_CAPTURE_AUTORELEASING = YES;
				CLANG_WARN_BOOL_CONVERSION = YES;
				CLANG_WARN_COMMA = YES;
				CLANG_WARN_CONSTANT_CONVERSION = YES;
				CLANG_WARN_DEPRECATED_OBJC_IMPLEMENTATIONS = YES;
				CLANG_WARN_DIRECT_OBJC_ISA_USAGE = YES_ERROR;
				CLANG_WARN_DOCUMENTATION_COMMENTS = YES;
				CLANG_WARN_EMPTY_BODY = YES;
				CLANG_WARN_ENUM_CONVERSION = YES;
				CLANG_WARN_INFINITE_RECURSION = YES;
				CLANG_WARN_INT_CONVERSION = YES;
				CLANG_WARN_NON_LITERAL_NULL_CONVERSION = YES;
				CLANG_WARN_OBJC_IMPLICIT_RETAIN_SELF = YES;
				CLANG_WARN_OBJC_LITERAL_CONVERSION = YES;
				CLANG_WARN_OBJC_ROOT_CLASS = YES_ERROR;
				CLANG_WARN_RANGE_LOOP_ANALYSIS = YES;
				CLANG_WARN_STRICT_PROTOTYPES = YES;
				CLANG_WARN_SUSPICIOUS_MOVE = YES;
				CLANG_WARN_UNGUARDED_AVAILABILITY = YES_AGGRESSIVE;
				CLANG_WARN_UNREACHABLE_CODE = YES;
				CLANG_WARN__DUPLICATE_METHOD_MATCH = YES;
				CODE_SIGN_IDENTITY = "iPhone Developer";
				COPY_PHASE_STRIP = NO;
				DEBUG_INFORMATION_FORMAT = "dwarf-with-dsym";
				ENABLE_NS_ASSERTIONS = NO;
				ENABLE_STRICT_OBJC_MSGSEND = YES;
				GCC_C_LANGUAGE_STANDARD = gnu11;
				GCC_NO_COMMON_BLOCKS = YES;
				GCC_WARN_64_TO_32_BIT_CONVERSION = YES;
				GCC_WARN_ABOUT_RETURN_TYPE = YES_ERROR;
				GCC_WARN_UNDECLARED_SELECTOR = YES;
				GCC_WARN_UNINITIALIZED_AUTOS = YES_AGGRESSIVE;
				GCC_WARN_UNUSED_FUNCTION = YES;
				GCC_WARN_UNUSED_VARIABLE = YES;
				IPHONEOS_DEPLOYMENT_TARGET = 12.2;
				MTL_ENABLE_DEBUG_INFO = NO;
				MTL_FAST_MATH = YES;
				SDKROOT = iphoneos;
				SWIFT_COMPILATION_MODE = wholemodule;
				SWIFT_OPTIMIZATION_LEVEL = "-O";
				VALIDATE_PRODUCT = YES;
			};
			name = Release;
		};
		6DB2A621225B1A4C00FD6845 /* Debug */ = {
			isa = XCBuildConfiguration;
			baseConfigurationReference = 199E6E391C5136B82D82BF98 /* Pods-eCommerce.debug.xcconfig */;
			buildSettings = {
				ASSETCATALOG_COMPILER_APPICON_NAME = AppIcon;
				CODE_SIGN_STYLE = Automatic;
				INFOPLIST_FILE = eCommerce/Info.plist;
				LD_RUNPATH_SEARCH_PATHS = (
					"$(inherited)",
					"@executable_path/Frameworks",
				);
				PRODUCT_BUNDLE_IDENTIFIER = weijie01.eCommerce;
				PRODUCT_NAME = "$(TARGET_NAME)";
				SWIFT_VERSION = 5.0;
				TARGETED_DEVICE_FAMILY = "1,2";
			};
			name = Debug;
		};
		6DB2A622225B1A4C00FD6845 /* Release */ = {
			isa = XCBuildConfiguration;
			baseConfigurationReference = 454BE9F220FACBAFB3480ABB /* Pods-eCommerce.release.xcconfig */;
			buildSettings = {
				ASSETCATALOG_COMPILER_APPICON_NAME = AppIcon;
				CODE_SIGN_STYLE = Automatic;
				INFOPLIST_FILE = eCommerce/Info.plist;
				LD_RUNPATH_SEARCH_PATHS = (
					"$(inherited)",
					"@executable_path/Frameworks",
				);
				PRODUCT_BUNDLE_IDENTIFIER = weijie01.eCommerce;
				PRODUCT_NAME = "$(TARGET_NAME)";
				SWIFT_VERSION = 5.0;
				TARGETED_DEVICE_FAMILY = "1,2";
			};
			name = Release;
		};
		6DB2A637225B1CF100FD6845 /* Debug */ = {
			isa = XCBuildConfiguration;
			baseConfigurationReference = 3A3755196C86829785E9C2DD /* Pods-eCommerceAdmin.debug.xcconfig */;
			buildSettings = {
				ASSETCATALOG_COMPILER_APPICON_NAME = AppIcon;
				CODE_SIGN_STYLE = Automatic;
				INFOPLIST_FILE = eCommerceAdmin/Info.plist;
				LD_RUNPATH_SEARCH_PATHS = (
					"$(inherited)",
					"@executable_path/Frameworks",
				);
				PRODUCT_BUNDLE_IDENTIFIER = weijie01.eCommerceAdmin;
				PRODUCT_NAME = "$(TARGET_NAME)";
				SWIFT_VERSION = 5.0;
				TARGETED_DEVICE_FAMILY = "1,2";
			};
			name = Debug;
		};
		6DB2A638225B1CF100FD6845 /* Release */ = {
			isa = XCBuildConfiguration;
			baseConfigurationReference = 54455A47C049EABF2426851B /* Pods-eCommerceAdmin.release.xcconfig */;
			buildSettings = {
				ASSETCATALOG_COMPILER_APPICON_NAME = AppIcon;
				CODE_SIGN_STYLE = Automatic;
				INFOPLIST_FILE = eCommerceAdmin/Info.plist;
				LD_RUNPATH_SEARCH_PATHS = (
					"$(inherited)",
					"@executable_path/Frameworks",
				);
				PRODUCT_BUNDLE_IDENTIFIER = weijie01.eCommerceAdmin;
				PRODUCT_NAME = "$(TARGET_NAME)";
				SWIFT_VERSION = 5.0;
				TARGETED_DEVICE_FAMILY = "1,2";
			};
			name = Release;
		};
/* End XCBuildConfiguration section */

/* Begin XCConfigurationList section */
		6DB2A609225B1A4B00FD6845 /* Build configuration list for PBXProject "eCommerce" */ = {
			isa = XCConfigurationList;
			buildConfigurations = (
				6DB2A61E225B1A4C00FD6845 /* Debug */,
				6DB2A61F225B1A4C00FD6845 /* Release */,
			);
			defaultConfigurationIsVisible = 0;
			defaultConfigurationName = Release;
		};
		6DB2A620225B1A4C00FD6845 /* Build configuration list for PBXNativeTarget "eCommerce" */ = {
			isa = XCConfigurationList;
			buildConfigurations = (
				6DB2A621225B1A4C00FD6845 /* Debug */,
				6DB2A622225B1A4C00FD6845 /* Release */,
			);
			defaultConfigurationIsVisible = 0;
			defaultConfigurationName = Release;
		};
		6DB2A636225B1CF100FD6845 /* Build configuration list for PBXNativeTarget "eCommerceAdmin" */ = {
			isa = XCConfigurationList;
			buildConfigurations = (
				6DB2A637225B1CF100FD6845 /* Debug */,
				6DB2A638225B1CF100FD6845 /* Release */,
			);
			defaultConfigurationIsVisible = 0;
			defaultConfigurationName = Release;
		};
/* End XCConfigurationList section */
	};
	rootObject = 6DB2A606225B1A4B00FD6845 /* Project object */;
}
